// !$*UTF8*$!
{
	archiveVersion = 1;
	classes = {};
	objectVersion = 56;
	objects = {
		05B1F34B1A9B0BF4F0DC1EEF = { isa = PBXFileReference; lastKnownFileType = sourcecode.swift; path = "Rhythm/AppLock.swift"; sourceTree = "<group>"; };
		B2900DD4CB34CF51442C2166 = { isa = PBXFileReference; lastKnownFileType = folder.assetcatalog; path = "Rhythm/Assets.xcassets"; sourceTree = "<group>"; };
		3446474B7C33E002CE552314 = { isa = PBXFileReference; lastKnownFileType = sourcecode.swift; path = "Rhythm/DashboardViews.swift"; sourceTree = "<group>"; };
		DC952CC09F7360015BC0CAD1 = { isa = PBXFileReference; lastKnownFileType = sourcecode.swift; path = "Rhythm/EntryViews.swift"; sourceTree = "<group>"; };
		F4500E56674ED9768CAFF347 = { isa = PBXFileReference; lastKnownFileType = sourcecode.swift; path = "Rhythm/HealthStore.swift"; sourceTree = "<group>"; };
		27CC1688E84EF55F350FCDD3 = { isa = PBXFileReference; lastKnownFileType = text.plist.xml; path = "Rhythm/Info.plist"; sourceTree = "<group>"; };
		69BF58357F83241C75346B01 = { isa = PBXFileReference; lastKnownFileType = sourcecode.swift; path = "Rhythm/JournalStore.swift"; sourceTree = "<group>"; };
		36250ACC14579E0BE2920507 = { isa = PBXFileReference; lastKnownFileType = text.plist.xml; path = "Rhythm/PrivacyInfo.xcprivacy"; sourceTree = "<group>"; };
		552F91B8D6700834FC4D1DDD = { isa = PBXFileReference; lastKnownFileType = text.plist.xml; path = "Rhythm/Rhythm.entitlements"; sourceTree = "<group>"; };
		E1E50B8CFB9FA17C672070A0 = { isa = PBXFileReference; lastKnownFileType = sourcecode.swift; path = "Rhythm/RhythmApp.swift"; sourceTree = "<group>"; };
		A95F48916716732D6560C991 = { isa = PBXFileReference; lastKnownFileType = sourcecode.swift; path = "Rhythm/ScreenTimeStore.swift"; sourceTree = "<group>"; };
		009941661813E9153EEE10AD = { isa = PBXFileReference; lastKnownFileType = sourcecode.swift; path = "Rhythm/SettingsView.swift"; sourceTree = "<group>"; };
		52A5411268DDF894D42013EA = { isa = PBXFileReference; lastKnownFileType = sourcecode.swift; path = "Rhythm/Theme.swift"; sourceTree = "<group>"; };
		BB164864D89DEEC7C2B70F70 = { isa = PBXFileReference; lastKnownFileType = text.plist.xml; path = "ScreenTimeReport/Info.plist"; sourceTree = "<group>"; };
		D27C0596D1A3132EBEE9A9D0 = { isa = PBXFileReference; lastKnownFileType = text.plist.xml; path = "ScreenTimeReport/PrivacyInfo.xcprivacy"; sourceTree = "<group>"; };
		79259ED5AEB9016CD5BD1073 = { isa = PBXFileReference; lastKnownFileType = text.plist.xml; path = "ScreenTimeReport/ScreenTimeReport.entitlements"; sourceTree = "<group>"; };
		418F056C54E1F94FE2CF9F32 = { isa = PBXFileReference; lastKnownFileType = sourcecode.swift; path = "ScreenTimeReport/ScreenTimeReport.swift"; sourceTree = "<group>"; };
		97E56F9086FD49823601C748 = { isa = PBXFileReference; lastKnownFileType = sourcecode.swift; path = "Shared/HealthMath.swift"; sourceTree = "<group>"; };
		05D801293651A1A97E32A935 = { isa = PBXFileReference; lastKnownFileType = sourcecode.swift; path = "Shared/ReportContext.swift"; sourceTree = "<group>"; };
		EE8FB22D8EB761513B81402A = { isa = PBXFileReference; lastKnownFileType = sourcecode.swift; path = "Tests/HealthMathTests.swift"; sourceTree = "<group>"; };
		B6CDB6E5D160E013280D3C68 = { isa = PBXFileReference; explicitFileType = wrapper.application; path = Rhythm.app; sourceTree = BUILT_PRODUCTS_DIR; };
		C5F406EF884F0E1085CC1091 = { isa = PBXFileReference; explicitFileType = "wrapper.app-extension"; path = RhythmScreenTime.appex; sourceTree = BUILT_PRODUCTS_DIR; };
		A8D8270AA6DB8732282C9541 = { isa = PBXFileReference; explicitFileType = wrapper.cfbundle; path = RhythmTests.xctest; sourceTree = BUILT_PRODUCTS_DIR; };
		FBDC4F23F93125BBEEAE800C = { isa = PBXGroup; children = (B6CDB6E5D160E013280D3C68, C5F406EF884F0E1085CC1091, A8D8270AA6DB8732282C9541,); name = Products; sourceTree = "<group>"; };
		42944EBC669F21BC22392EB5 = { isa = PBXGroup; children = (05B1F34B1A9B0BF4F0DC1EEF, B2900DD4CB34CF51442C2166, 3446474B7C33E002CE552314, DC952CC09F7360015BC0CAD1, F4500E56674ED9768CAFF347, 27CC1688E84EF55F350FCDD3, 69BF58357F83241C75346B01, 36250ACC14579E0BE2920507, 552F91B8D6700834FC4D1DDD, E1E50B8CFB9FA17C672070A0, A95F48916716732D6560C991, 009941661813E9153EEE10AD, 52A5411268DDF894D42013EA, BB164864D89DEEC7C2B70F70, D27C0596D1A3132EBEE9A9D0, 79259ED5AEB9016CD5BD1073, 418F056C54E1F94FE2CF9F32, 97E56F9086FD49823601C748, 05D801293651A1A97E32A935, EE8FB22D8EB761513B81402A, FBDC4F23F93125BBEEAE800C,); sourceTree = "<group>"; };
		877A6BA951A2EA0025A2ABE8 = { isa = XCBuildConfiguration; buildSettings = { IPHONEOS_DEPLOYMENT_TARGET = "17.0"; SDKROOT = "iphoneos"; SWIFT_VERSION = "5.0"; CLANG_ENABLE_MODULES = "YES"; CODE_SIGN_STYLE = "Automatic"; TARGETED_DEVICE_FAMILY = "1"; SUPPORTED_PLATFORMS = "iphoneos iphonesimulator"; SUPPORTS_MACCATALYST = "NO"; MARKETING_VERSION = "1.0"; CURRENT_PROJECT_VERSION = "1"; SWIFT_STRICT_CONCURRENCY = "targeted"; SWIFT_OPTIMIZATION_LEVEL = "-Onone"; DEBUG_INFORMATION_FORMAT = "dwarf"; ENABLE_TESTABILITY = "YES"; SWIFT_ACTIVE_COMPILATION_CONDITIONS = "DEBUG"; }; name = Debug; };
		959134B361DD7E21ADEA3164 = { isa = XCBuildConfiguration; buildSettings = { IPHONEOS_DEPLOYMENT_TARGET = "17.0"; SDKROOT = "iphoneos"; SWIFT_VERSION = "5.0"; CLANG_ENABLE_MODULES = "YES"; CODE_SIGN_STYLE = "Automatic"; TARGETED_DEVICE_FAMILY = "1"; SUPPORTED_PLATFORMS = "iphoneos iphonesimulator"; SUPPORTS_MACCATALYST = "NO"; MARKETING_VERSION = "1.0"; CURRENT_PROJECT_VERSION = "1"; SWIFT_STRICT_CONCURRENCY = "targeted"; SWIFT_OPTIMIZATION_LEVEL = "-O"; DEBUG_INFORMATION_FORMAT = "dwarf-with-dsym"; }; name = Release; };
		247BF104A9AD002C539DA531 = { isa = XCConfigurationList; buildConfigurations = (877A6BA951A2EA0025A2ABE8, 959134B361DD7E21ADEA3164,); defaultConfigurationIsVisible = 0; defaultConfigurationName = Release; };
		11C568D9C4BAB8E1963009ED = { isa = PBXBuildFile; fileRef = 05B1F34B1A9B0BF4F0DC1EEF; };
		94E29B0B41E59AF95B0EE670 = { isa = PBXBuildFile; fileRef = 3446474B7C33E002CE552314; };
		BA5911DFB938C79AA40A8EB0 = { isa = PBXBuildFile; fileRef = DC952CC09F7360015BC0CAD1; };
		DFEAB1B46FCE8A695BE9C88E = { isa = PBXBuildFile; fileRef = F4500E56674ED9768CAFF347; };
		630E989D6B0B6640DBAC3A66 = { isa = PBXBuildFile; fileRef = 69BF58357F83241C75346B01; };
		B5ED1923E703D0B7B467C068 = { isa = PBXBuildFile; fileRef = E1E50B8CFB9FA17C672070A0; };
		00222FC6B132D0635E6599EF = { isa = PBXBuildFile; fileRef = A95F48916716732D6560C991; };
		7B6BF08ED80490494D573366 = { isa = PBXBuildFile; fileRef = 009941661813E9153EEE10AD; };
		644C8622E398C86783123533 = { isa = PBXBuildFile; fileRef = 52A5411268DDF894D42013EA; };
		6D139B1A74F76D702276C7C2 = { isa = PBXBuildFile; fileRef = 97E56F9086FD49823601C748; };
		E7DEF6A2531449B348390C3D = { isa = PBXBuildFile; fileRef = 05D801293651A1A97E32A935; };
		8682261519D15BD64A9E5D31 = { isa = PBXSourcesBuildPhase; buildActionMask = 2147483647; files = (11C568D9C4BAB8E1963009ED, 94E29B0B41E59AF95B0EE670, BA5911DFB938C79AA40A8EB0, DFEAB1B46FCE8A695BE9C88E, 630E989D6B0B6640DBAC3A66, B5ED1923E703D0B7B467C068, 00222FC6B132D0635E6599EF, 7B6BF08ED80490494D573366, 644C8622E398C86783123533, 6D139B1A74F76D702276C7C2, E7DEF6A2531449B348390C3D,); runOnlyForDeploymentPostprocessing = 0; };
		18D176ED2E6D338E51BEC430 = { isa = PBXBuildFile; fileRef = 36250ACC14579E0BE2920507; };
		8F2C1BE83C7DD7DB288A9A05 = { isa = PBXBuildFile; fileRef = B2900DD4CB34CF51442C2166; };
		E28FAD8F60ECDED9B4AD087A = { isa = PBXResourcesBuildPhase; buildActionMask = 2147483647; files = (18D176ED2E6D338E51BEC430, 8F2C1BE83C7DD7DB288A9A05,); runOnlyForDeploymentPostprocessing = 0; };
		F001BC2AF9EB5498B3360756 = { isa = PBXFrameworksBuildPhase; buildActionMask = 2147483647; files = (); runOnlyForDeploymentPostprocessing = 0; };
		237EC0E19E5369E4D1422B31 = { isa = PBXBuildFile; fileRef = C5F406EF884F0E1085CC1091; settings = { ATTRIBUTES = (CodeSignOnCopy, RemoveHeadersOnCopy,); }; };
		354DE1AFDDAA7FBB961D5290 = { isa = PBXCopyFilesBuildPhase; buildActionMask = 2147483647; dstPath = ""; dstSubfolderSpec = 13; files = (237EC0E19E5369E4D1422B31,); name = "Embed App Extensions"; runOnlyForDeploymentPostprocessing = 0; };
		D36D33020B6BB89396BD1B34 = { isa = PBXContainerItemProxy; containerPortal = 98F54143AB4E86B28C3AFEE0; proxyType = 1; remoteGlobalIDString = 9831A0ED7992645038323751; remoteInfo = RhythmScreenTime; };
		D2F9C6ACC3CFD758A2AF1D96 = { isa = PBXTargetDependency; target = 9831A0ED7992645038323751; targetProxy = D36D33020B6BB89396BD1B34; };
		3CF6A4F2E05B3AAE7E2CBFEE = { isa = XCBuildConfiguration; buildSettings = { IPHONEOS_DEPLOYMENT_TARGET = "17.0"; SDKROOT = "iphoneos"; SWIFT_VERSION = "5.0"; CLANG_ENABLE_MODULES = "YES"; CODE_SIGN_STYLE = "Automatic"; TARGETED_DEVICE_FAMILY = "1"; SUPPORTED_PLATFORMS = "iphoneos iphonesimulator"; SUPPORTS_MACCATALYST = "NO"; MARKETING_VERSION = "1.0"; CURRENT_PROJECT_VERSION = "1"; SWIFT_STRICT_CONCURRENCY = "targeted"; PRODUCT_BUNDLE_IDENTIFIER = "com.kawakahi.rhythm"; INFOPLIST_FILE = "Rhythm/Info.plist"; CODE_SIGN_ENTITLEMENTS = "Rhythm/Rhythm.entitlements"; ASSETCATALOG_COMPILER_APPICON_NAME = "AppIcon"; PRODUCT_NAME = "$(TARGET_NAME)"; SWIFT_OPTIMIZATION_LEVEL = "-Onone"; DEBUG_INFORMATION_FORMAT = "dwarf"; ENABLE_TESTABILITY = "YES"; SWIFT_ACTIVE_COMPILATION_CONDITIONS = "DEBUG"; }; name = Debug; };
		23FB2CAEB38545C3793097DD = { isa = XCBuildConfiguration; buildSettings = { IPHONEOS_DEPLOYMENT_TARGET = "17.0"; SDKROOT = "iphoneos"; SWIFT_VERSION = "5.0"; CLANG_ENABLE_MODULES = "YES"; CODE_SIGN_STYLE = "Automatic"; TARGETED_DEVICE_FAMILY = "1"; SUPPORTED_PLATFORMS = "iphoneos iphonesimulator"; SUPPORTS_MACCATALYST = "NO"; MARKETING_VERSION = "1.0"; CURRENT_PROJECT_VERSION = "1"; SWIFT_STRICT_CONCURRENCY = "targeted"; PRODUCT_BUNDLE_IDENTIFIER = "com.kawakahi.rhythm"; INFOPLIST_FILE = "Rhythm/Info.plist"; CODE_SIGN_ENTITLEMENTS = "Rhythm/Rhythm.entitlements"; ASSETCATALOG_COMPILER_APPICON_NAME = "AppIcon"; PRODUCT_NAME = "$(TARGET_NAME)"; SWIFT_OPTIMIZATION_LEVEL = "-O"; DEBUG_INFORMATION_FORMAT = "dwarf-with-dsym"; }; name = Release; };
		9EA62D25DFD1EFBA21F6DE7B = { isa = XCConfigurationList; buildConfigurations = (3CF6A4F2E05B3AAE7E2CBFEE, 23FB2CAEB38545C3793097DD,); defaultConfigurationIsVisible = 0; defaultConfigurationName = Release; };
		29C7B681C8D62CBAC94D51C0 = { isa = PBXNativeTarget; buildConfigurationList = 9EA62D25DFD1EFBA21F6DE7B; buildPhases = (8682261519D15BD64A9E5D31, E28FAD8F60ECDED9B4AD087A, F001BC2AF9EB5498B3360756, 354DE1AFDDAA7FBB961D5290,); buildRules = (); dependencies = (D2F9C6ACC3CFD758A2AF1D96,); name = Rhythm; productName = Rhythm; productReference = B6CDB6E5D160E013280D3C68; productType = "com.apple.product-type.application"; };
		3B50FA328F4308782428C851 = { isa = PBXBuildFile; fileRef = 418F056C54E1F94FE2CF9F32; };
		01D3346790D50110BBB159A7 = { isa = PBXBuildFile; fileRef = 97E56F9086FD49823601C748; };
		B6F8DCB47D4A9670E6DB8681 = { isa = PBXBuildFile; fileRef = 05D801293651A1A97E32A935; };
		597FD57E57ED99CEBFF1BB02 = { isa = PBXSourcesBuildPhase; buildActionMask = 2147483647; files = (3B50FA328F4308782428C851, 01D3346790D50110BBB159A7, B6F8DCB47D4A9670E6DB8681,); runOnlyForDeploymentPostprocessing = 0; };
		3A7658A855DA5DA27C7ACF7B = { isa = PBXBuildFile; fileRef = D27C0596D1A3132EBEE9A9D0; };
		3F447DE10FA5EDEA89764824 = { isa = PBXResourcesBuildPhase; buildActionMask = 2147483647; files = (3A7658A855DA5DA27C7ACF7B,); runOnlyForDeploymentPostprocessing = 0; };
		30DF5DB2668C55DBD174B4FC = { isa = PBXFrameworksBuildPhase; buildActionMask = 2147483647; files = (); runOnlyForDeploymentPostprocessing = 0; };
		2AA0223F5929D1D6BFE534CF = { isa = XCBuildConfiguration; buildSettings = { IPHONEOS_DEPLOYMENT_TARGET = "17.0"; SDKROOT = "iphoneos"; SWIFT_VERSION = "5.0"; CLANG_ENABLE_MODULES = "YES"; CODE_SIGN_STYLE = "Automatic"; TARGETED_DEVICE_FAMILY = "1"; SUPPORTED_PLATFORMS = "iphoneos iphonesimulator"; SUPPORTS_MACCATALYST = "NO"; MARKETING_VERSION = "1.0"; CURRENT_PROJECT_VERSION = "1"; SWIFT_STRICT_CONCURRENCY = "targeted"; PRODUCT_BUNDLE_IDENTIFIER = "com.kawakahi.rhythm.ScreenTimeReport"; INFOPLIST_FILE = "ScreenTimeReport/Info.plist"; CODE_SIGN_ENTITLEMENTS = "ScreenTimeReport/ScreenTimeReport.entitlements"; APPLICATION_EXTENSION_API_ONLY = "YES"; SKIP_INSTALL = "YES"; PRODUCT_NAME = "$(TARGET_NAME)"; SWIFT_OPTIMIZATION_LEVEL = "-Onone"; DEBUG_INFORMATION_FORMAT = "dwarf"; ENABLE_TESTABILITY = "YES"; SWIFT_ACTIVE_COMPILATION_CONDITIONS = "DEBUG"; }; name = Debug; };
		8B2DB9053A232B59945B8323 = { isa = XCBuildConfiguration; buildSettings = { IPHONEOS_DEPLOYMENT_TARGET = "17.0"; SDKROOT = "iphoneos"; SWIFT_VERSION = "5.0"; CLANG_ENABLE_MODULES = "YES"; CODE_SIGN_STYLE = "Automatic"; TARGETED_DEVICE_FAMILY = "1"; SUPPORTED_PLATFORMS = "iphoneos iphonesimulator"; SUPPORTS_MACCATALYST = "NO"; MARKETING_VERSION = "1.0"; CURRENT_PROJECT_VERSION = "1"; SWIFT_STRICT_CONCURRENCY = "targeted"; PRODUCT_BUNDLE_IDENTIFIER = "com.kawakahi.rhythm.ScreenTimeReport"; INFOPLIST_FILE = "ScreenTimeReport/Info.plist"; CODE_SIGN_ENTITLEMENTS = "ScreenTimeReport/ScreenTimeReport.entitlements"; APPLICATION_EXTENSION_API_ONLY = "YES"; SKIP_INSTALL = "YES"; PRODUCT_NAME = "$(TARGET_NAME)"; SWIFT_OPTIMIZATION_LEVEL = "-O"; DEBUG_INFORMATION_FORMAT = "dwarf-with-dsym"; }; name = Release; };
		3992381F9FDB76B7C18A11EF = { isa = XCConfigurationList; buildConfigurations = (2AA0223F5929D1D6BFE534CF, 8B2DB9053A232B59945B8323,); defaultConfigurationIsVisible = 0; defaultConfigurationName = Release; };
		9831A0ED7992645038323751 = { isa = PBXNativeTarget; buildConfigurationList = 3992381F9FDB76B7C18A11EF; buildPhases = (597FD57E57ED99CEBFF1BB02, 3F447DE10FA5EDEA89764824, 30DF5DB2668C55DBD174B4FC,); buildRules = (); dependencies = (); name = RhythmScreenTime; productName = RhythmScreenTime; productReference = C5F406EF884F0E1085CC1091; productType = "com.apple.product-type.app-extension"; };
		3829CF4E0843C0950F1DA570 = { isa = PBXBuildFile; fileRef = EE8FB22D8EB761513B81402A; };
		29BEEA3D856852A8CC3247ED = { isa = PBXSourcesBuildPhase; buildActionMask = 2147483647; files = (3829CF4E0843C0950F1DA570,); runOnlyForDeploymentPostprocessing = 0; };
		96B4702EF39C73C4DCF44E6C = { isa = PBXResourcesBuildPhase; buildActionMask = 2147483647; files = (); runOnlyForDeploymentPostprocessing = 0; };
		D6B208DB47DA230159E08E40 = { isa = PBXFrameworksBuildPhase; buildActionMask = 2147483647; files = (); runOnlyForDeploymentPostprocessing = 0; };
		78AF9CBC92B2B17C537164D6 = { isa = PBXContainerItemProxy; containerPortal = 98F54143AB4E86B28C3AFEE0; proxyType = 1; remoteGlobalIDString = 29C7B681C8D62CBAC94D51C0; remoteInfo = Rhythm; };
		121F178636F633006383348C = { isa = PBXTargetDependency; target = 29C7B681C8D62CBAC94D51C0; targetProxy = 78AF9CBC92B2B17C537164D6; };
		B41A663912C5AD2A1D96567A = { isa = XCBuildConfiguration; buildSettings = { IPHONEOS_DEPLOYMENT_TARGET = "17.0"; SDKROOT = "iphoneos"; SWIFT_VERSION = "5.0"; CLANG_ENABLE_MODULES = "YES"; CODE_SIGN_STYLE = "Automatic"; TARGETED_DEVICE_FAMILY = "1"; SUPPORTED_PLATFORMS = "iphoneos iphonesimulator"; SUPPORTS_MACCATALYST = "NO"; MARKETING_VERSION = "1.0"; CURRENT_PROJECT_VERSION = "1"; SWIFT_STRICT_CONCURRENCY = "targeted"; PRODUCT_BUNDLE_IDENTIFIER = "com.kawakahi.rhythm.tests"; GENERATE_INFOPLIST_FILE = "YES"; PRODUCT_NAME = "$(TARGET_NAME)"; TEST_HOST = "$(BUILT_PRODUCTS_DIR)/Rhythm.app/$(BUNDLE_EXECUTABLE_FOLDER_PATH)/Rhythm"; BUNDLE_LOADER = "$(TEST_HOST)"; SWIFT_OPTIMIZATION_LEVEL = "-Onone"; DEBUG_INFORMATION_FORMAT = "dwarf"; ENABLE_TESTABILITY = "YES"; SWIFT_ACTIVE_COMPILATION_CONDITIONS = "DEBUG"; }; name = Debug; };
		116C7F1B65D647B9F0FAA412 = { isa = XCBuildConfiguration; buildSettings = { IPHONEOS_DEPLOYMENT_TARGET = "17.0"; SDKROOT = "iphoneos"; SWIFT_VERSION = "5.0"; CLANG_ENABLE_MODULES = "YES"; CODE_SIGN_STYLE = "Automatic"; TARGETED_DEVICE_FAMILY = "1"; SUPPORTED_PLATFORMS = "iphoneos iphonesimulator"; SUPPORTS_MACCATALYST = "NO"; MARKETING_VERSION = "1.0"; CURRENT_PROJECT_VERSION = "1"; SWIFT_STRICT_CONCURRENCY = "targeted"; PRODUCT_BUNDLE_IDENTIFIER = "com.kawakahi.rhythm.tests"; GENERATE_INFOPLIST_FILE = "YES"; PRODUCT_NAME = "$(TARGET_NAME)"; TEST_HOST = "$(BUILT_PRODUCTS_DIR)/Rhythm.app/$(BUNDLE_EXECUTABLE_FOLDER_PATH)/Rhythm"; BUNDLE_LOADER = "$(TEST_HOST)"; SWIFT_OPTIMIZATION_LEVEL = "-O"; DEBUG_INFORMATION_FORMAT = "dwarf-with-dsym"; }; name = Release; };
		F3AD4C3BA58462581CAA087A = { isa = XCConfigurationList; buildConfigurations = (B41A663912C5AD2A1D96567A, 116C7F1B65D647B9F0FAA412,); defaultConfigurationIsVisible = 0; defaultConfigurationName = Release; };
		EA5815D3D83100CE3F564964 = { isa = PBXNativeTarget; buildConfigurationList = F3AD4C3BA58462581CAA087A; buildPhases = (29BEEA3D856852A8CC3247ED, 96B4702EF39C73C4DCF44E6C, D6B208DB47DA230159E08E40,); buildRules = (); dependencies = (121F178636F633006383348C,); name = RhythmTests; productName = RhythmTests; productReference = A8D8270AA6DB8732282C9541; productType = "com.apple.product-type.bundle.unit-test"; };
		98F54143AB4E86B28C3AFEE0 = { isa = PBXProject; attributes = { BuildIndependentTargetsInParallel = YES; LastUpgradeCheck = 1600; }; buildConfigurationList = 247BF104A9AD002C539DA531; compatibilityVersion = "Xcode 14.0"; developmentRegion = ja; hasScannedForEncodings = 0; knownRegions = (ja, en, Base,); mainGroup = 42944EBC669F21BC22392EB5; productRefGroup = FBDC4F23F93125BBEEAE800C; projectDirPath = ""; projectRoot = ""; targets = (29C7B681C8D62CBAC94D51C0, 9831A0ED7992645038323751, EA5815D3D83100CE3F564964,); };
	};
	rootObject = 98F54143AB4E86B28C3AFEE0;
}
